// !$*UTF8*$!
{
	archiveVersion = 1;
	classes = {
	};
	objectVersion = 56;
	objects = {

/* Begin PBXBuildFile section */
		0139CEE72B041DB300A33636 /* Adoreify_iosApp.swift in Sources */ = {isa = PBXBuildFile; fileRef = 0139CEE62B041DB300A33636 /* Adoreify_iosApp.swift */; };
		0139CEE92B041DB300A33636 /* ContentView.swift in Sources */ = {isa = PBXBuildFile; fileRef = 0139CEE82B041DB300A33636 /* ContentView.swift */; };
		0139CEEB2B041DB500A33636 /* Assets.xcassets in Resources */ = {isa = PBXBuildFile; fileRef = 0139CEEA2B041DB500A33636 /* Assets.xcassets */; };
		0139CEEF2B041DB500A33636 /* Preview Assets.xcassets in Resources */ = {isa = PBXBuildFile; fileRef = 0139CEEE2B041DB500A33636 /* Preview Assets.xcassets */; };
		0139CEF92B041DB500A33636 /* Adoreify_iosTests.swift in Sources */ = {isa = PBXBuildFile; fileRef = 0139CEF82B041DB500A33636 /* Adoreify_iosTests.swift */; };
		0139CF032B041DB500A33636 /* Adoreify_iosUITests.swift in Sources */ = {isa = PBXBuildFile; fileRef = 0139CF022B041DB500A33636 /* Adoreify_iosUITests.swift */; };
		0139CF052B041DB500A33636 /* Adoreify_iosUITestsLaunchTests.swift in Sources */ = {isa = PBXBuildFile; fileRef = 0139CF042B041DB500A33636 /* Adoreify_iosUITestsLaunchTests.swift */; };
/* End PBXBuildFile section */

/* Begin PBXContainerItemProxy section */
		0139CEF52B041DB500A33636 /* PBXContainerItemProxy */ = {
			isa = PBXContainerItemProxy;
			containerPortal = 0139CEDB2B041DB300A33636 /* Project object */;
			proxyType = 1;
			remoteGlobalIDString = 0139CEE22B041DB300A33636;
			remoteInfo = "Adoreify-ios";
		};
		0139CEFF2B041DB500A33636 /* PBXContainerItemProxy */ = {
			isa = PBXContainerItemProxy;
			containerPortal = 0139CEDB2B041DB300A33636 /* Project object */;
			proxyType = 1;
			remoteGlobalIDString = 0139CEE22B041DB300A33636;
			remoteInfo = "Adoreify-ios";
		};
/* End PBXContainerItemProxy section */

/* Begin PBXFileReference section */
		0139CEE32B041DB300A33636 /* Adoreify-ios.app */ = {isa = PBXFileReference; explicitFileType = wrapper.application; includeInIndex = 0; path = "Adoreify-ios.app"; sourceTree = BUILT_PRODUCTS_DIR; };
		0139CEE62B041DB300A33636 /* Adoreify_iosApp.swift */ = {isa = PBXFileReference; lastKnownFileType = sourcecode.swift; path = Adoreify_iosApp.swift; sourceTree = "<group>"; };
		0139CEE82B041DB300A33636 /* ContentView.swift */ = {isa = PBXFileReference; lastKnownFileType = sourcecode.swift; path = ContentView.swift; sourceTree = "<group>"; };
		0139CEEA2B041DB500A33636 /* Assets.xcassets */ = {isa = PBXFileReference; lastKnownFileType = folder.assetcatalog; path = Assets.xcassets; sourceTree = "<group>"; };
		0139CEEC2B041DB500A33636 /* Adoreify_ios.entitlements */ = {isa = PBXFileReference; lastKnownFileType = text.plist.entitlements; path = Adoreify_ios.entitlements; sourceTree = "<group>"; };
		0139CEEE2B041DB500A33636 /* Preview Assets.xcassets */ = {isa = PBXFileReference; lastKnownFileType = folder.assetcatalog; path = "Preview Assets.xcassets"; sourceTree = "<group>"; };
		0139CEF42B041DB500A33636 /* Adoreify-iosTests.xctest */ = {isa = PBXFileReference; explicitFileType = wrapper.cfbundle; includeInIndex = 0; path = "Adoreify-iosTests.xctest"; sourceTree = BUILT_PRODUCTS_DIR; };
		0139CEF82B041DB500A33636 /* Adoreify_iosTests.swift */ = {isa = PBXFileReference; lastKnownFileType = sourcecode.swift; path = Adoreify_iosTests.swift; sourceTree = "<group>"; };
		0139CEFE2B041DB500A33636 /* Adoreify-iosUITests.xctest */ = {isa = PBXFileReference; explicitFileType = wrapper.cfbundle; includeInIndex = 0; path = "Adoreify-iosUITests.xctest"; sourceTree = BUILT_PRODUCTS_DIR; };
		0139CF022B041DB500A33636 /* Adoreify_iosUITests.swift */ = {isa = PBXFileReference; lastKnownFileType = sourcecode.swift; path = Adoreify_iosUITests.swift; sourceTree = "<group>"; };
		0139CF042B041DB500A33636 /* Adoreify_iosUITestsLaunchTests.swift */ = {isa = PBXFileReference; lastKnownFileType = sourcecode.swift; path = Adoreify_iosUITestsLaunchTests.swift; sourceTree = "<group>"; };
/* End PBXFileReference section */

/* Begin PBXFrameworksBuildPhase section */
		0139CEE02B041DB300A33636 /* Frameworks */ = {
			isa = PBXFrameworksBuildPhase;
			buildActionMask = 2147483647;
			files = (
			);
			runOnlyForDeploymentPostprocessing = 0;
		};
		0139CEF12B041DB500A33636 /* Frameworks */ = {
			isa = PBXFrameworksBuildPhase;
			buildActionMask = 2147483647;
			files = (
			);
			runOnlyForDeploymentPostprocessing = 0;
		};
		0139CEFB2B041DB500A33636 /* Frameworks */ = {
			isa = PBXFrameworksBuildPhase;
			buildActionMask = 2147483647;
			files = (
			);
			runOnlyForDeploymentPostprocessing = 0;
		};
/* End PBXFrameworksBuildPhase section */

/* Begin PBXGroup section */
		0139CEDA2B041DB300A33636 = {
			isa = PBXGroup;
			children = (
				0139CEE52B041DB300A33636 /* Adoreify-ios */,
				0139CEF72B041DB500A33636 /* Adoreify-iosTests */,
				0139CF012B041DB500A33636 /* Adoreify-iosUITests */,
				0139CEE42B041DB300A33636 /* Products */,
			);
			sourceTree = "<group>";
		};
		0139CEE42B041DB300A33636 /* Products */ = {
			isa = PBXGroup;
			children = (
				0139CEE32B041DB300A33636 /* Adoreify-ios.app */,
				0139CEF42B041DB500A33636 /* Adoreify-iosTests.xctest */,
				0139CEFE2B041DB500A33636 /* Adoreify-iosUITests.xctest */,
			);
			name = Products;
			sourceTree = "<group>";
		};
		0139CEE52B041DB300A33636 /* Adoreify-ios */ = {
			isa = PBXGroup;
			children = (
				0139CEE62B041DB300A33636 /* Adoreify_iosApp.swift */,
				0139CEE82B041DB300A33636 /* ContentView.swift */,
				0139CEEA2B041DB500A33636 /* Assets.xcassets */,
				0139CEEC2B041DB500A33636 /* Adoreify_ios.entitlements */,
				0139CEED2B041DB500A33636 /* Preview Content */,
			);
			path = "Adoreify-ios";
			sourceTree = "<group>";
		};
		0139CEED2B041DB500A33636 /* Preview Content */ = {
			isa = PBXGroup;
			children = (
				0139CEEE2B041DB500A33636 /* Preview Assets.xcassets */,
			);
			path = "Preview Content";
			sourceTree = "<group>";
		};
		0139CEF72B041DB500A33636 /* Adoreify-iosTests */ = {
			isa = PBXGroup;
			children = (
				0139CEF82B041DB500A33636 /* Adoreify_iosTests.swift */,
			);
			path = "Adoreify-iosTests";
			sourceTree = "<group>";
		};
		0139CF012B041DB500A33636 /* Adoreify-iosUITests */ = {
			isa = PBXGroup;
			children = (
				0139CF022B041DB500A33636 /* Adoreify_iosUITests.swift */,
				0139CF042B041DB500A33636 /* Adoreify_iosUITestsLaunchTests.swift */,
			);
			path = "Adoreify-iosUITests";
			sourceTree = "<group>";
		};
/* End PBXGroup section */

/* Begin PBXNativeTarget section */
		0139CEE22B041DB300A33636 /* Adoreify-ios */ = {
			isa = PBXNativeTarget;
			buildConfigurationList = 0139CF082B041DB500A33636 /* Build configuration list for PBXNativeTarget "Adoreify-ios" */;
			buildPhases = (
				0139CEDF2B041DB300A33636 /* Sources */,
				0139CEE02B041DB300A33636 /* Frameworks */,
				0139CEE12B041DB300A33636 /* Resources */,
			);
			buildRules = (
			);
			dependencies = (
			);
			name = "Adoreify-ios";
			productName = "Adoreify-ios";
			productReference = 0139CEE32B041DB300A33636 /* Adoreify-ios.app */;
			productType = "com.apple.product-type.application";
		};
		0139CEF32B041DB500A33636 /* Adoreify-iosTests */ = {
			isa = PBXNativeTarget;
			buildConfigurationList = 0139CF0B2B041DB500A33636 /* Build configuration list for PBXNativeTarget "Adoreify-iosTests" */;
			buildPhases = (
				0139CEF02B041DB500A33636 /* Sources */,
				0139CEF12B041DB500A33636 /* Frameworks */,
				0139CEF22B041DB500A33636 /* Resources */,
			);
			buildRules = (
			);
			dependencies = (
				0139CEF62B041DB500A33636 /* PBXTargetDependency */,
			);
			name = "Adoreify-iosTests";
			productName = "Adoreify-iosTests";
			productReference = 0139CEF42B041DB500A33636 /* Adoreify-iosTests.xctest */;
			productType = "com.apple.product-type.bundle.unit-test";
		};
		0139CEFD2B041DB500A33636 /* Adoreify-iosUITests */ = {
			isa = PBXNativeTarget;
			buildConfigurationList = 0139CF0E2B041DB500A33636 /* Build configuration list for PBXNativeTarget "Adoreify-iosUITests" */;
			buildPhases = (
				0139CEFA2B041DB500A33636 /* Sources */,
				0139CEFB2B041DB500A33636 /* Frameworks */,
				0139CEFC2B041DB500A33636 /* Resources */,
			);
			buildRules = (
			);
			dependencies = (
				0139CF002B041DB500A33636 /* PBXTargetDependency */,
			);
			name = "Adoreify-iosUITests";
			productName = "Adoreify-iosUITests";
			productReference = 0139CEFE2B041DB500A33636 /* Adoreify-iosUITests.xctest */;
			productType = "com.apple.product-type.bundle.ui-testing";
		};
/* End PBXNativeTarget section */

/* Begin PBXProject section */
		0139CEDB2B041DB300A33636 /* Project object */ = {
			isa = PBXProject;
			attributes = {
				BuildIndependentTargetsInParallel = 1;
				LastSwiftUpdateCheck = 1500;
				LastUpgradeCheck = 1500;
				TargetAttributes = {
					0139CEE22B041DB300A33636 = {
						CreatedOnToolsVersion = 15.0.1;
					};
					0139CEF32B041DB500A33636 = {
						CreatedOnToolsVersion = 15.0.1;
						TestTargetID = 0139CEE22B041DB300A33636;
					};
					0139CEFD2B041DB500A33636 = {
						CreatedOnToolsVersion = 15.0.1;
						TestTargetID = 0139CEE22B041DB300A33636;
					};
				};
			};
			buildConfigurationList = 0139CEDE2B041DB300A33636 /* Build configuration list for PBXProject "Adoreify-ios" */;
			compatibilityVersion = "Xcode 14.0";
			developmentRegion = en;
			hasScannedForEncodings = 0;
			knownRegions = (
				en,
				Base,
			);
			mainGroup = 0139CEDA2B041DB300A33636;
			productRefGroup = 0139CEE42B041DB300A33636 /* Products */;
			projectDirPath = "";
			projectRoot = "";
			targets = (
				0139CEE22B041DB300A33636 /* Adoreify-ios */,
				0139CEF32B041DB500A33636 /* Adoreify-iosTests */,
				0139CEFD2B041DB500A33636 /* Adoreify-iosUITests */,
			);
		};
/* End PBXProject section */

/* Begin PBXResourcesBuildPhase section */
		0139CEE12B041DB300A33636 /* Resources */ = {
			isa = PBXResourcesBuildPhase;
			buildActionMask = 2147483647;
			files = (
				0139CEEF2B041DB500A33636 /* Preview Assets.xcassets in Resources */,
				0139CEEB2B041DB500A33636 /* Assets.xcassets in Resources */,
			);
			runOnlyForDeploymentPostprocessing = 0;
		};
		0139CEF22B041DB500A33636 /* Resources */ = {
			isa = PBXResourcesBuildPhase;
			buildActionMask = 2147483647;
			files = (
			);
			runOnlyForDeploymentPostprocessing = 0;
		};
		0139CEFC2B041DB500A33636 /* Resources */ = {
			isa = PBXResourcesBuildPhase;
			buildActionMask = 2147483647;
			files = (
			);
			runOnlyForDeploymentPostprocessing = 0;
		};
/* End PBXResourcesBuildPhase section */

/* Begin PBXSourcesBuildPhase section */
		0139CEDF2B041DB300A33636 /* Sources */ = {
			isa = PBXSourcesBuildPhase;
			buildActionMask = 2147483647;
			files = (
				0139CEE92B041DB300A33636 /* ContentView.swift in Sources */,
				0139CEE72B041DB300A33636 /* Adoreify_iosApp.swift in Sources */,
			);
			runOnlyForDeploymentPostprocessing = 0;
		};
		0139CEF02B041DB500A33636 /* Sources */ = {
			isa = PBXSourcesBuildPhase;
			buildActionMask = 2147483647;
			files = (
				0139CEF92B041DB500A33636 /* Adoreify_iosTests.swift in Sources */,
			);
			runOnlyForDeploymentPostprocessing = 0;
		};
		0139CEFA2B041DB500A33636 /* Sources */ = {
			isa = PBXSourcesBuildPhase;
			buildActionMask = 2147483647;
			files = (
				0139CF032B041DB500A33636 /* Adoreify_iosUITests.swift in Sources */,
				0139CF052B041DB500A33636 /* Adoreify_iosUITestsLaunchTests.swift in Sources */,
			);
			runOnlyForDeploymentPostprocessing = 0;
		};
/* End PBXSourcesBuildPhase section */

/* Begin PBXTargetDependency section */
		0139CEF62B041DB500A33636 /* PBXTargetDependency */ = {
			isa = PBXTargetDependency;
			target = 0139CEE22B041DB300A33636 /* Adoreify-ios */;
			targetProxy = 0139CEF52B041DB500A33636 /* PBXContainerItemProxy */;
		};
		0139CF002B041DB500A33636 /* PBXTargetDependency */ = {
			isa = PBXTargetDependency;
			target = 0139CEE22B041DB300A33636 /* Adoreify-ios */;
			targetProxy = 0139CEFF2B041DB500A33636 /* PBXContainerItemProxy */;
		};
/* End PBXTargetDependency section */

/* Begin XCBuildConfiguration section */
		0139CF062B041DB500A33636 /* Debug */ = {
			isa = XCBuildConfiguration;
			buildSettings = {
				ALWAYS_SEARCH_USER_PATHS = NO;
				ASSETCATALOG_COMPILER_GENERATE_SWIFT_ASSET_SYMBOL_EXTENSIONS = YES;
				CLANG_ANALYZER_NONNULL = YES;
				CLANG_ANALYZER_NUMBER_OBJECT_CONVERSION = YES_AGGRESSIVE;
				CLANG_CXX_LANGUAGE_STANDARD = "gnu++20";
				CLANG_ENABLE_MODULES = YES;
				CLANG_ENABLE_OBJC_ARC = YES;
				CLANG_ENABLE_OBJC_WEAK = YES;
				CLANG_WARN_BLOCK_CAPTURE_AUTORELEASING = YES;
				CLANG_WARN_BOOL_CONVERSION = YES;
				CLANG_WARN_COMMA = YES;
				CLANG_WARN_CONSTANT_CONVERSION = YES;
				CLANG_WARN_DEPRECATED_OBJC_IMPLEMENTATIONS = YES;
				CLANG_WARN_DIRECT_OBJC_ISA_USAGE = YES_ERROR;
				CLANG_WARN_DOCUMENTATION_COMMENTS = YES;
				CLANG_WARN_EMPTY_BODY = YES;
				CLANG_WARN_ENUM_CONVERSION = YES;
				CLANG_WARN_INFINITE_RECURSION = YES;
				CLANG_WARN_INT_CONVERSION = YES;
				CLANG_WARN_NON_LITERAL_NULL_CONVERSION = YES;
				CLANG_WARN_OBJC_IMPLICIT_RETAIN_SELF = YES;
				CLANG_WARN_OBJC_LITERAL_CONVERSION = YES;
				CLANG_WARN_OBJC_ROOT_CLASS = YES_ERROR;
				CLANG_WARN_QUOTED_INCLUDE_IN_FRAMEWORK_HEADER = YES;
				CLANG_WARN_RANGE_LOOP_ANALYSIS = YES;
				CLANG_WARN_STRICT_PROTOTYPES = YES;
				CLANG_WARN_SUSPICIOUS_MOVE = YES;
				CLANG_WARN_UNGUARDED_AVAILABILITY = YES_AGGRESSIVE;
				CLANG_WARN_UNREACHABLE_CODE = YES;
				CLANG_WARN__DUPLICATE_METHOD_MATCH = YES;
				COPY_PHASE_STRIP = NO;
				DEBUG_INFORMATION_FORMAT = dwarf;
				ENABLE_STRICT_OBJC_MSGSEND = YES;
				ENABLE_TESTABILITY = YES;
				ENABLE_USER_SCRIPT_SANDBOXING = YES;
				GCC_C_LANGUAGE_STANDARD = gnu17;
				GCC_DYNAMIC_NO_PIC = NO;
				GCC_NO_COMMON_BLOCKS = YES;
				GCC_OPTIMIZATION_LEVEL = 0;
				GCC_PREPROCESSOR_DEFINITIONS = (
					"DEBUG=1",
					"$(inherited)",
				);
				GCC_WARN_64_TO_32_BIT_CONVERSION = YES;
				GCC_WARN_ABOUT_RETURN_TYPE = YES_ERROR;
				GCC_WARN_UNDECLARED_SELECTOR = YES;
				GCC_WARN_UNINITIALIZED_AUTOS = YES_AGGRESSIVE;
				GCC_WARN_UNUSED_FUNCTION = YES;
				GCC_WARN_UNUSED_VARIABLE = YES;
				LOCALIZATION_PREFERS_STRING_CATALOGS = YES;
				MTL_ENABLE_DEBUG_INFO = INCLUDE_SOURCE;
				MTL_FAST_MATH = YES;
				ONLY_ACTIVE_ARCH = YES;
				SWIFT_ACTIVE_COMPILATION_CONDITIONS = "DEBUG $(inherited)";
				SWIFT_OPTIMIZATION_LEVEL = "-Onone";
			};
			name = Debug;
		};
		0139CF072B041DB500A33636 /* Release */ = {
			isa = XCBuildConfiguration;
			buildSettings = {
				ALWAYS_SEARCH_USER_PATHS = NO;
				ASSETCATALOG_COMPILER_GENERATE_SWIFT_ASSET_SYMBOL_EXTENSIONS = YES;
				CLANG_ANALYZER_NONNULL = YES;
				CLANG_ANALYZER_NUMBER_OBJECT_CONVERSION = YES_AGGRESSIVE;
				CLANG_CXX_LANGUAGE_STANDARD = "gnu++20";
				CLANG_ENABLE_MODULES = YES;
				CLANG_ENABLE_OBJC_ARC = YES;
				CLANG_ENABLE_OBJC_WEAK = YES;
				CLANG_WARN_BLOCK_CAPTURE_AUTORELEASING = YES;
				CLANG_WARN_BOOL_CONVERSION = YES;
				CLANG_WARN_COMMA = YES;
				CLANG_WARN_CONSTANT_CONVERSION = YES;
				CLANG_WARN_DEPRECATED_OBJC_IMPLEMENTATIONS = YES;
				CLANG_WARN_DIRECT_OBJC_ISA_USAGE = YES_ERROR;
				CLANG_WARN_DOCUMENTATION_COMMENTS = YES;
				CLANG_WARN_EMPTY_BODY = YES;
				CLANG_WARN_ENUM_CONVERSION = YES;
				CLANG_WARN_INFINITE_RECURSION = YES;
				CLANG_WARN_INT_CONVERSION = YES;
				CLANG_WARN_NON_LITERAL_NULL_CONVERSION = YES;
				CLANG_WARN_OBJC_IMPLICIT_RETAIN_SELF = YES;
				CLANG_WARN_OBJC_LITERAL_CONVERSION = YES;
				CLANG_WARN_OBJC_ROOT_CLASS = YES_ERROR;
				CLANG_WARN_QUOTED_INCLUDE_IN_FRAMEWORK_HEADER = YES;
				CLANG_WARN_RANGE_LOOP_ANALYSIS = YES;
				CLANG_WARN_STRICT_PROTOTYPES = YES;
				CLANG_WARN_SUSPICIOUS_MOVE = YES;
				CLANG_WARN_UNGUARDED_AVAILABILITY = YES_AGGRESSIVE;
				CLANG_WARN_UNREACHABLE_CODE = YES;
				CLANG_WARN__DUPLICATE_METHOD_MATCH = YES;
				COPY_PHASE_STRIP = NO;
				DEBUG_INFORMATION_FORMAT = "dwarf-with-dsym";
				ENABLE_NS_ASSERTIONS = NO;
				ENABLE_STRICT_OBJC_MSGSEND = YES;
				ENABLE_USER_SCRIPT_SANDBOXING = YES;
				GCC_C_LANGUAGE_STANDARD = gnu17;
				GCC_NO_COMMON_BLOCKS = YES;
				GCC_WARN_64_TO_32_BIT_CONVERSION = YES;
				GCC_WARN_ABOUT_RETURN_TYPE = YES_ERROR;
				GCC_WARN_UNDECLARED_SELECTOR = YES;
				GCC_WARN_UNINITIALIZED_AUTOS = YES_AGGRESSIVE;
				GCC_WARN_UNUSED_FUNCTION = YES;
				GCC_WARN_UNUSED_VARIABLE = YES;
				LOCALIZATION_PREFERS_STRING_CATALOGS = YES;
				MTL_ENABLE_DEBUG_INFO = NO;
				MTL_FAST_MATH = YES;
				SWIFT_COMPILATION_MODE = wholemodule;
			};
			name = Release;
		};
		0139CF092B041DB500A33636 /* Debug */ = {
			isa = XCBuildConfiguration;
			buildSettings = {
				ASSETCATALOG_COMPILER_APPICON_NAME = AppIcon;
				ASSETCATALOG_COMPILER_GLOBAL_ACCENT_COLOR_NAME = AccentColor;
				CODE_SIGN_ENTITLEMENTS = "Adoreify-ios/Adoreify_ios.entitlements";
				CODE_SIGN_STYLE = Automatic;
				CURRENT_PROJECT_VERSION = 1;
				DEVELOPMENT_ASSET_PATHS = "\"Adoreify-ios/Preview Content\"";
				DEVELOPMENT_TEAM = BBCTB7XRSC;
				ENABLE_HARDENED_RUNTIME = YES;
				ENABLE_PREVIEWS = YES;
				GENERATE_INFOPLIST_FILE = YES;
				"INFOPLIST_KEY_UIApplicationSceneManifest_Generation[sdk=iphoneos*]" = YES;
				"INFOPLIST_KEY_UIApplicationSceneManifest_Generation[sdk=iphonesimulator*]" = YES;
				"INFOPLIST_KEY_UIApplicationSupportsIndirectInputEvents[sdk=iphoneos*]" = YES;
				"INFOPLIST_KEY_UIApplicationSupportsIndirectInputEvents[sdk=iphonesimulator*]" = YES;
				"INFOPLIST_KEY_UILaunchScreen_Generation[sdk=iphoneos*]" = YES;
				"INFOPLIST_KEY_UILaunchScreen_Generation[sdk=iphonesimulator*]" = YES;
				"INFOPLIST_KEY_UIStatusBarStyle[sdk=iphoneos*]" = UIStatusBarStyleDefault;
				"INFOPLIST_KEY_UIStatusBarStyle[sdk=iphonesimulator*]" = UIStatusBarStyleDefault;
				INFOPLIST_KEY_UISupportedInterfaceOrientations_iPad = "UIInterfaceOrientationPortrait UIInterfaceOrientationPortraitUpsideDown UIInterfaceOrientationLandscapeLeft UIInterfaceOrientationLandscapeRight";
				INFOPLIST_KEY_UISupportedInterfaceOrientations_iPhone = "UIInterfaceOrientationPortrait UIInterfaceOrientationLandscapeLeft UIInterfaceOrientationLandscapeRight";
				IPHONEOS_DEPLOYMENT_TARGET = 17.0;
				LD_RUNPATH_SEARCH_PATHS = "@executable_path/Frameworks";
				"LD_RUNPATH_SEARCH_PATHS[sdk=macosx*]" = "@executable_path/../Frameworks";
				MACOSX_DEPLOYMENT_TARGET = 14.0;
				MARKETING_VERSION = 1.0;
				PRODUCT_BUNDLE_IDENTIFIER = "ch.davidwetter.Adoreify-ios";
				PRODUCT_NAME = "$(TARGET_NAME)";
				SDKROOT = auto;
				SUPPORTED_PLATFORMS = "iphoneos iphonesimulator macosx";
				SWIFT_EMIT_LOC_STRINGS = YES;
				SWIFT_VERSION = 5.0;
				TARGETED_DEVICE_FAMILY = "1,2";
			};
			name = Debug;
		};
		0139CF0A2B041DB500A33636 /* Release */ = {
			isa = XCBuildConfiguration;
			buildSettings = {
				ASSETCATALOG_COMPILER_APPICON_NAME = AppIcon;
				ASSETCATALOG_COMPILER_GLOBAL_ACCENT_COLOR_NAME = AccentColor;
				CODE_SIGN_ENTITLEMENTS = "Adoreify-ios/Adoreify_ios.entitlements";
				CODE_SIGN_STYLE = Automatic;
				CURRENT_PROJECT_VERSION = 1;
				DEVELOPMENT_ASSET_PATHS = "\"Adoreify-ios/Preview Content\"";
				DEVELOPMENT_TEAM = BBCTB7XRSC;
				ENABLE_HARDENED_RUNTIME = YES;
				ENABLE_PREVIEWS = YES;
				GENERATE_INFOPLIST_FILE = YES;
				"INFOPLIST_KEY_UIApplicationSceneManifest_Generation[sdk=iphoneos*]" = YES;
				"INFOPLIST_KEY_UIApplicationSceneManifest_Generation[sdk=iphonesimulator*]" = YES;
				"INFOPLIST_KEY_UIApplicationSupportsIndirectInputEvents[sdk=iphoneos*]" = YES;
				"INFOPLIST_KEY_UIApplicationSupportsIndirectInputEvents[sdk=iphonesimulator*]" = YES;
				"INFOPLIST_KEY_UILaunchScreen_Generation[sdk=iphoneos*]" = YES;
				"INFOPLIST_KEY_UILaunchScreen_Generation[sdk=iphonesimulator*]" = YES;
				"INFOPLIST_KEY_UIStatusBarStyle[sdk=iphoneos*]" = UIStatusBarStyleDefault;
				"INFOPLIST_KEY_UIStatusBarStyle[sdk=iphonesimulator*]" = UIStatusBarStyleDefault;
				INFOPLIST_KEY_UISupportedInterfaceOrientations_iPad = "UIInterfaceOrientationPortrait UIInterfaceOrientationPortraitUpsideDown UIInterfaceOrientationLandscapeLeft UIInterfaceOrientationLandscapeRight";
				INFOPLIST_KEY_UISupportedInterfaceOrientations_iPhone = "UIInterfaceOrientationPortrait UIInterfaceOrientationLandscapeLeft UIInterfaceOrientationLandscapeRight";
				IPHONEOS_DEPLOYMENT_TARGET = 17.0;
				LD_RUNPATH_SEARCH_PATHS = "@executable_path/Frameworks";
				"LD_RUNPATH_SEARCH_PATHS[sdk=macosx*]" = "@executable_path/../Frameworks";
				MACOSX_DEPLOYMENT_TARGET = 14.0;
				MARKETING_VERSION = 1.0;
				PRODUCT_BUNDLE_IDENTIFIER = "ch.davidwetter.Adoreify-ios";
				PRODUCT_NAME = "$(TARGET_NAME)";
				SDKROOT = auto;
				SUPPORTED_PLATFORMS = "iphoneos iphonesimulator macosx";
				SWIFT_EMIT_LOC_STRINGS = YES;
				SWIFT_VERSION = 5.0;
				TARGETED_DEVICE_FAMILY = "1,2";
			};
			name = Release;
		};
		0139CF0C2B041DB500A33636 /* Debug */ = {
			isa = XCBuildConfiguration;
			buildSettings = {
				ALWAYS_EMBED_SWIFT_STANDARD_LIBRARIES = YES;
				BUNDLE_LOADER = "$(TEST_HOST)";
				CODE_SIGN_STYLE = Automatic;
				CURRENT_PROJECT_VERSION = 1;
				DEVELOPMENT_TEAM = BBCTB7XRSC;
				GENERATE_INFOPLIST_FILE = YES;
				IPHONEOS_DEPLOYMENT_TARGET = 17.0;
				MACOSX_DEPLOYMENT_TARGET = 14.0;
				MARKETING_VERSION = 1.0;
				PRODUCT_BUNDLE_IDENTIFIER = "ch.davidwetter.Adoreify-iosTests";
				PRODUCT_NAME = "$(TARGET_NAME)";
				SDKROOT = auto;
				SUPPORTED_PLATFORMS = "iphoneos iphonesimulator macosx";
				SWIFT_EMIT_LOC_STRINGS = NO;
				SWIFT_VERSION = 5.0;
				TARGETED_DEVICE_FAMILY = "1,2";
				TEST_HOST = "$(BUILT_PRODUCTS_DIR)/Adoreify-ios.app/$(BUNDLE_EXECUTABLE_FOLDER_PATH)/Adoreify-ios";
			};
			name = Debug;
		};
		0139CF0D2B041DB500A33636 /* Release */ = {
			isa = XCBuildConfiguration;
			buildSettings = {
				ALWAYS_EMBED_SWIFT_STANDARD_LIBRARIES = YES;
				BUNDLE_LOADER = "$(TEST_HOST)";
				CODE_SIGN_STYLE = Automatic;
				CURRENT_PROJECT_VERSION = 1;
				DEVELOPMENT_TEAM = BBCTB7XRSC;
				GENERATE_INFOPLIST_FILE = YES;
				IPHONEOS_DEPLOYMENT_TARGET = 17.0;
				MACOSX_DEPLOYMENT_TARGET = 14.0;
				MARKETING_VERSION = 1.0;
				PRODUCT_BUNDLE_IDENTIFIER = "ch.davidwetter.Adoreify-iosTests";
				PRODUCT_NAME = "$(TARGET_NAME)";
				SDKROOT = auto;
				SUPPORTED_PLATFORMS = "iphoneos iphonesimulator macosx";
				SWIFT_EMIT_LOC_STRINGS = NO;
				SWIFT_VERSION = 5.0;
				TARGETED_DEVICE_FAMILY = "1,2";
				TEST_HOST = "$(BUILT_PRODUCTS_DIR)/Adoreify-ios.app/$(BUNDLE_EXECUTABLE_FOLDER_PATH)/Adoreify-ios";
			};
			name = Release;
		};
		0139CF0F2B041DB500A33636 /* Debug */ = {
			isa = XCBuildConfiguration;
			buildSettings = {
				ALWAYS_EMBED_SWIFT_STANDARD_LIBRARIES = YES;
				CODE_SIGN_STYLE = Automatic;
				CURRENT_PROJECT_VERSION = 1;
				DEVELOPMENT_TEAM = BBCTB7XRSC;
				GENERATE_INFOPLIST_FILE = YES;
				IPHONEOS_DEPLOYMENT_TARGET = 17.0;
				MACOSX_DEPLOYMENT_TARGET = 14.0;
				MARKETING_VERSION = 1.0;
				PRODUCT_BUNDLE_IDENTIFIER = "ch.davidwetter.Adoreify-iosUITests";
				PRODUCT_NAME = "$(TARGET_NAME)";
				SDKROOT = auto;
				SUPPORTED_PLATFORMS = "iphoneos iphonesimulator macosx";
				SWIFT_EMIT_LOC_STRINGS = NO;
				SWIFT_VERSION = 5.0;
				TARGETED_DEVICE_FAMILY = "1,2";
				TEST_TARGET_NAME = "Adoreify-ios";
			};
			name = Debug;
		};
		0139CF102B041DB500A33636 /* Release */ = {
			isa = XCBuildConfiguration;
			buildSettings = {
				ALWAYS_EMBED_SWIFT_STANDARD_LIBRARIES = YES;
				CODE_SIGN_STYLE = Automatic;
				CURRENT_PROJECT_VERSION = 1;
				DEVELOPMENT_TEAM = BBCTB7XRSC;
				GENERATE_INFOPLIST_FILE = YES;
				IPHONEOS_DEPLOYMENT_TARGET = 17.0;
				MACOSX_DEPLOYMENT_TARGET = 14.0;
				MARKETING_VERSION = 1.0;
				PRODUCT_BUNDLE_IDENTIFIER = "ch.davidwetter.Adoreify-iosUITests";
				PRODUCT_NAME = "$(TARGET_NAME)";
				SDKROOT = auto;
				SUPPORTED_PLATFORMS = "iphoneos iphonesimulator macosx";
				SWIFT_EMIT_LOC_STRINGS = NO;
				SWIFT_VERSION = 5.0;
				TARGETED_DEVICE_FAMILY = "1,2";
				TEST_TARGET_NAME = "Adoreify-ios";
			};
			name = Release;
		};
/* End XCBuildConfiguration section */

/* Begin XCConfigurationList section */
		0139CEDE2B041DB300A33636 /* Build configuration list for PBXProject "Adoreify-ios" */ = {
			isa = XCConfigurationList;
			buildConfigurations = (
				0139CF062B041DB500A33636 /* Debug */,
				0139CF072B041DB500A33636 /* Release */,
			);
			defaultConfigurationIsVisible = 0;
			defaultConfigurationName = Release;
		};
		0139CF082B041DB500A33636 /* Build configuration list for PBXNativeTarget "Adoreify-ios" */ = {
			isa = XCConfigurationList;
			buildConfigurations = (
				0139CF092B041DB500A33636 /* Debug */,
				0139CF0A2B041DB500A33636 /* Release */,
			);
			defaultConfigurationIsVisible = 0;
			defaultConfigurationName = Release;
		};
		0139CF0B2B041DB500A33636 /* Build configuration list for PBXNativeTarget "Adoreify-iosTests" */ = {
			isa = XCConfigurationList;
			buildConfigurations = (
				0139CF0C2B041DB500A33636 /* Debug */,
				0139CF0D2B041DB500A33636 /* Release */,
			);
			defaultConfigurationIsVisible = 0;
			defaultConfigurationName = Release;
		};
		0139CF0E2B041DB500A33636 /* Build configuration list for PBXNativeTarget "Adoreify-iosUITests" */ = {
			isa = XCConfigurationList;
			buildConfigurations = (
				0139CF0F2B041DB500A33636 /* Debug */,
				0139CF102B041DB500A33636 /* Release */,
			);
			defaultConfigurationIsVisible = 0;
			defaultConfigurationName = Release;
		};
/* End XCConfigurationList section */
	};
	rootObject = 0139CEDB2B041DB300A33636 /* Project object */;
}
